version: 0.166.0
dependencies:
- name: mariadb-cluster
  repository: https://helm.mariadb.com/mariadb-operator
  version: 25.8.3
- name: mariadb-operator
  repository: https://helm.mariadb.com/mariadb-operator
  version: 25.8.3
- name: mariadb-operator-crds
  repository: https://helm.mariadb.com/mariadb-operator
  version: 25.8.3
digest: sha256:5a46c9a67f22ac3cd4d144a61e9cfc7af72f51e491ed1018d4b7d32472d23a7c
generated: "2025-09-13T18:43:13.636431996+08:00"
